{
    "name": "net.ve.perforosven.operaciones",
    "version": "1.0.0",
    "lockfileVersion": 1,
    "requires": true,
    "dependencies": {
        "cordova-plugin-dialogs": {
            "version": "2.0.2",
            "resolved": "https://registry.npmjs.org/cordova-plugin-dialogs/-/cordova-plugin-dialogs-2.0.2.tgz",
            "integrity": "sha512-FUHI6eEVeoz2VkxbF0P56QlUQLGzXcvw3i4xuXyM9gEct6Y+FA3Xzgl2pJTZcTg5wRqLWzN08kgNoHPkom15pw=="
        },
        "cordova-plugin-vibration": {
            "version": "3.1.1",
            "resolved": "https://registry.npmjs.org/cordova-plugin-vibration/-/cordova-plugin-vibration-3.1.1.tgz",
            "integrity": "sha512-qgv67Rueo4Pydfant3TwnXeFiN9dl+6lKMM6h5jYg9XewiGAGOr8vfWsTvQssC3m3xMKGS1ap3xPNH+BzZ4RMA=="
        }
    }
}
